// !$*UTF8*$!
{
	archiveVersion = 1;
	classes = {
	};
	objectVersion = 55;
	objects = {

/* Begin PBXBuildFile section */
		AAA31833275311F000648600 /* AppDelegate.swift in Sources */ = {isa = PBXBuildFile; fileRef = AAA31832275311F000648600 /* AppDelegate.swift */; };
		AAA31835275311F000648600 /* SceneDelegate.swift in Sources */ = {isa = PBXBuildFile; fileRef = AAA31834275311F000648600 /* SceneDelegate.swift */; };
		AAA31837275311F000648600 /* ViewController.swift in Sources */ = {isa = PBXBuildFile; fileRef = AAA31836275311F000648600 /* ViewController.swift */; };
		AAA3183A275311F000648600 /* Main.storyboard in Resources */ = {isa = PBXBuildFile; fileRef = AAA31838275311F000648600 /* Main.storyboard */; };
		AAA3183C275311F100648600 /* Assets.xcassets in Resources */ = {isa = PBXBuildFile; fileRef = AAA3183B275311F100648600 /* Assets.xcassets */; };
		AAA3183F275311F100648600 /* LaunchScreen.storyboard in Resources */ = {isa = PBXBuildFile; fileRef = AAA3183D275311F100648600 /* LaunchScreen.storyboard */; };
		AAA3184A275311F200648600 /* test3Tests.swift in Sources */ = {isa = PBXBuildFile; fileRef = AAA31849275311F200648600 /* test3Tests.swift */; };
		AAA31854275311F200648600 /* test3UITests.swift in Sources */ = {isa = PBXBuildFile; fileRef = AAA31853275311F200648600 /* test3UITests.swift */; };
		AAA31856275311F200648600 /* test3UITestsLaunchTests.swift in Sources */ = {isa = PBXBuildFile; fileRef = AAA31855275311F200648600 /* test3UITestsLaunchTests.swift */; };
		AAA31863275312C600648600 /* pose_pien_uruuru_man.png in Resources */ = {isa = PBXBuildFile; fileRef = AAA31862275312C600648600 /* pose_pien_uruuru_man.png */; };
/* End PBXBuildFile section */

/* Begin PBXContainerItemProxy section */
		AAA31846275311F200648600 /* PBXContainerItemProxy */ = {
			isa = PBXContainerItemProxy;
			containerPortal = AAA31827275311F000648600 /* Project object */;
			proxyType = 1;
			remoteGlobalIDString = AAA3182E275311F000648600;
			remoteInfo = test3;
		};
		AAA31850275311F200648600 /* PBXContainerItemProxy */ = {
			isa = PBXContainerItemProxy;
			containerPortal = AAA31827275311F000648600 /* Project object */;
			proxyType = 1;
			remoteGlobalIDString = AAA3182E275311F000648600;
			remoteInfo = test3;
		};
/* End PBXContainerItemProxy section */

/* Begin PBXFileReference section */
		AAA3182F275311F000648600 /* test3.app */ = {isa = PBXFileReference; explicitFileType = wrapper.application; includeInIndex = 0; path = test3.app; sourceTree = BUILT_PRODUCTS_DIR; };
		AAA31832275311F000648600 /* AppDelegate.swift */ = {isa = PBXFileReference; lastKnownFileType = sourcecode.swift; path = AppDelegate.swift; sourceTree = "<group>"; };
		AAA31834275311F000648600 /* SceneDelegate.swift */ = {isa = PBXFileReference; lastKnownFileType = sourcecode.swift; path = SceneDelegate.swift; sourceTree = "<group>"; };
		AAA31836275311F000648600 /* ViewController.swift */ = {isa = PBXFileReference; lastKnownFileType = sourcecode.swift; path = ViewController.swift; sourceTree = "<group>"; };
		AAA31839275311F000648600 /* Base */ = {isa = PBXFileReference; lastKnownFileType = file.storyboard; name = Base; path = Base.lproj/Main.storyboard; sourceTree = "<group>"; };
		AAA3183B275311F100648600 /* Assets.xcassets */ = {isa = PBXFileReference; lastKnownFileType = folder.assetcatalog; path = Assets.xcassets; sourceTree = "<group>"; };
		AAA3183E275311F100648600 /* Base */ = {isa = PBXFileReference; lastKnownFileType = file.storyboard; name = Base; path = Base.lproj/LaunchScreen.storyboard; sourceTree = "<group>"; };
		AAA31840275311F100648600 /* Info.plist */ = {isa = PBXFileReference; lastKnownFileType = text.plist.xml; path = Info.plist; sourceTree = "<group>"; };
		AAA31845275311F200648600 /* test3Tests.xctest */ = {isa = PBXFileReference; explicitFileType = wrapper.cfbundle; includeInIndex = 0; path = test3Tests.xctest; sourceTree = BUILT_PRODUCTS_DIR; };
		AAA31849275311F200648600 /* test3Tests.swift */ = {isa = PBXFileReference; lastKnownFileType = sourcecode.swift; path = test3Tests.swift; sourceTree = "<group>"; };
		AAA3184F275311F200648600 /* test3UITests.xctest */ = {isa = PBXFileReference; explicitFileType = wrapper.cfbundle; includeInIndex = 0; path = test3UITests.xctest; sourceTree = BUILT_PRODUCTS_DIR; };
		AAA31853275311F200648600 /* test3UITests.swift */ = {isa = PBXFileReference; lastKnownFileType = sourcecode.swift; path = test3UITests.swift; sourceTree = "<group>"; };
		AAA31855275311F200648600 /* test3UITestsLaunchTests.swift */ = {isa = PBXFileReference; lastKnownFileType = sourcecode.swift; path = test3UITestsLaunchTests.swift; sourceTree = "<group>"; };
		AAA31862275312C600648600 /* pose_pien_uruuru_man.png */ = {isa = PBXFileReference; lastKnownFileType = image.png; name = pose_pien_uruuru_man.png; path = ../../pose_pien_uruuru_man.png; sourceTree = "<group>"; };
/* End PBXFileReference section */

/* Begin PBXFrameworksBuildPhase section */
		AAA3182C275311F000648600 /* Frameworks */ = {
			isa = PBXFrameworksBuildPhase;
			buildActionMask = 2147483647;
			files = (
			);
			runOnlyForDeploymentPostprocessing = 0;
		};
		AAA31842275311F200648600 /* Frameworks */ = {
			isa = PBXFrameworksBuildPhase;
			buildActionMask = 2147483647;
			files = (
			);
			runOnlyForDeploymentPostprocessing = 0;
		};
		AAA3184C275311F200648600 /* Frameworks */ = {
			isa = PBXFrameworksBuildPhase;
			buildActionMask = 2147483647;
			files = (
			);
			runOnlyForDeploymentPostprocessing = 0;
		};
/* End PBXFrameworksBuildPhase section */

/* Begin PBXGroup section */
		AAA31826275311F000648600 = {
			isa = PBXGroup;
			children = (
				AAA31831275311F000648600 /* test3 */,
				AAA31848275311F200648600 /* test3Tests */,
				AAA31852275311F200648600 /* test3UITests */,
				AAA31830275311F000648600 /* Products */,
			);
			sourceTree = "<group>";
		};
		AAA31830275311F000648600 /* Products */ = {
			isa = PBXGroup;
			children = (
				AAA3182F275311F000648600 /* test3.app */,
				AAA31845275311F200648600 /* test3Tests.xctest */,
				AAA3184F275311F200648600 /* test3UITests.xctest */,
			);
			name = Products;
			sourceTree = "<group>";
		};
		AAA31831275311F000648600 /* test3 */ = {
			isa = PBXGroup;
			children = (
				AAA31832275311F000648600 /* AppDelegate.swift */,
				AAA31834275311F000648600 /* SceneDelegate.swift */,
				AAA31836275311F000648600 /* ViewController.swift */,
				AAA31862275312C600648600 /* pose_pien_uruuru_man.png */,
				AAA31838275311F000648600 /* Main.storyboard */,
				AAA3183B275311F100648600 /* Assets.xcassets */,
				AAA3183D275311F100648600 /* LaunchScreen.storyboard */,
				AAA31840275311F100648600 /* Info.plist */,
			);
			path = test3;
			sourceTree = "<group>";
		};
		AAA31848275311F200648600 /* test3Tests */ = {
			isa = PBXGroup;
			children = (
				AAA31849275311F200648600 /* test3Tests.swift */,
			);
			path = test3Tests;
			sourceTree = "<group>";
		};
		AAA31852275311F200648600 /* test3UITests */ = {
			isa = PBXGroup;
			children = (
				AAA31853275311F200648600 /* test3UITests.swift */,
				AAA31855275311F200648600 /* test3UITestsLaunchTests.swift */,
			);
			path = test3UITests;
			sourceTree = "<group>";
		};
/* End PBXGroup section */

/* Begin PBXNativeTarget section */
		AAA3182E275311F000648600 /* test3 */ = {
			isa = PBXNativeTarget;
			buildConfigurationList = AAA31859275311F200648600 /* Build configuration list for PBXNativeTarget "test3" */;
			buildPhases = (
				AAA3182B275311F000648600 /* Sources */,
				AAA3182C275311F000648600 /* Frameworks */,
				AAA3182D275311F000648600 /* Resources */,
			);
			buildRules = (
			);
			dependencies = (
			);
			name = test3;
			productName = test3;
			productReference = AAA3182F275311F000648600 /* test3.app */;
			productType = "com.apple.product-type.application";
		};
		AAA31844275311F200648600 /* test3Tests */ = {
			isa = PBXNativeTarget;
			buildConfigurationList = AAA3185C275311F200648600 /* Build configuration list for PBXNativeTarget "test3Tests" */;
			buildPhases = (
				AAA31841275311F200648600 /* Sources */,
				AAA31842275311F200648600 /* Frameworks */,
				AAA31843275311F200648600 /* Resources */,
			);
			buildRules = (
			);
			dependencies = (
				AAA31847275311F200648600 /* PBXTargetDependency */,
			);
			name = test3Tests;
			productName = test3Tests;
			productReference = AAA31845275311F200648600 /* test3Tests.xctest */;
			productType = "com.apple.product-type.bundle.unit-test";
		};
		AAA3184E275311F200648600 /* test3UITests */ = {
			isa = PBXNativeTarget;
			buildConfigurationList = AAA3185F275311F200648600 /* Build configuration list for PBXNativeTarget "test3UITests" */;
			buildPhases = (
				AAA3184B275311F200648600 /* Sources */,
				AAA3184C275311F200648600 /* Frameworks */,
				AAA3184D275311F200648600 /* Resources */,
			);
			buildRules = (
			);
			dependencies = (
				AAA31851275311F200648600 /* PBXTargetDependency */,
			);
			name = test3UITests;
			productName = test3UITests;
			productReference = AAA3184F275311F200648600 /* test3UITests.xctest */;
			productType = "com.apple.product-type.bundle.ui-testing";
		};
/* End PBXNativeTarget section */

/* Begin PBXProject section */
		AAA31827275311F000648600 /* Project object */ = {
			isa = PBXProject;
			attributes = {
				BuildIndependentTargetsInParallel = 1;
				LastSwiftUpdateCheck = 1310;
				LastUpgradeCheck = 1310;
				TargetAttributes = {
					AAA3182E275311F000648600 = {
						CreatedOnToolsVersion = 13.1;
					};
					AAA31844275311F200648600 = {
						CreatedOnToolsVersion = 13.1;
						TestTargetID = AAA3182E275311F000648600;
					};
					AAA3184E275311F200648600 = {
						CreatedOnToolsVersion = 13.1;
						TestTargetID = AAA3182E275311F000648600;
					};
				};
			};
			buildConfigurationList = AAA3182A275311F000648600 /* Build configuration list for PBXProject "test3" */;
			compatibilityVersion = "Xcode 13.0";
			developmentRegion = en;
			hasScannedForEncodings = 0;
			knownRegions = (
				en,
				Base,
			);
			mainGroup = AAA31826275311F000648600;
			productRefGroup = AAA31830275311F000648600 /* Products */;
			projectDirPath = "";
			projectRoot = "";
			targets = (
				AAA3182E275311F000648600 /* test3 */,
				AAA31844275311F200648600 /* test3Tests */,
				AAA3184E275311F200648600 /* test3UITests */,
			);
		};
/* End PBXProject section */

/* Begin PBXResourcesBuildPhase section */
		AAA3182D275311F000648600 /* Resources */ = {
			isa = PBXResourcesBuildPhase;
			buildActionMask = 2147483647;
			files = (
				AAA3183F275311F100648600 /* LaunchScreen.storyboard in Resources */,
				AAA3183C275311F100648600 /* Assets.xcassets in Resources */,
				AAA3183A275311F000648600 /* Main.storyboard in Resources */,
				AAA31863275312C600648600 /* pose_pien_uruuru_man.png in Resources */,
			);
			runOnlyForDeploymentPostprocessing = 0;
		};
		AAA31843275311F200648600 /* Resources */ = {
			isa = PBXResourcesBuildPhase;
			buildActionMask = 2147483647;
			files = (
			);
			runOnlyForDeploymentPostprocessing = 0;
		};
		AAA3184D275311F200648600 /* Resources */ = {
			isa = PBXResourcesBuildPhase;
			buildActionMask = 2147483647;
			files = (
			);
			runOnlyForDeploymentPostprocessing = 0;
		};
/* End PBXResourcesBuildPhase section */

/* Begin PBXSourcesBuildPhase section */
		AAA3182B275311F000648600 /* Sources */ = {
			isa = PBXSourcesBuildPhase;
			buildActionMask = 2147483647;
			files = (
				AAA31837275311F000648600 /* ViewController.swift in Sources */,
				AAA31833275311F000648600 /* AppDelegate.swift in Sources */,
				AAA31835275311F000648600 /* SceneDelegate.swift in Sources */,
			);
			runOnlyForDeploymentPostprocessing = 0;
		};
		AAA31841275311F200648600 /* Sources */ = {
			isa = PBXSourcesBuildPhase;
			buildActionMask = 2147483647;
			files = (
				AAA3184A275311F200648600 /* test3Tests.swift in Sources */,
			);
			runOnlyForDeploymentPostprocessing = 0;
		};
		AAA3184B275311F200648600 /* Sources */ = {
			isa = PBXSourcesBuildPhase;
			buildActionMask = 2147483647;
			files = (
				AAA31856275311F200648600 /* test3UITestsLaunchTests.swift in Sources */,
				AAA31854275311F200648600 /* test3UITests.swift in Sources */,
			);
			runOnlyForDeploymentPostprocessing = 0;
		};
/* End PBXSourcesBuildPhase section */

/* Begin PBXTargetDependency section */
		AAA31847275311F200648600 /* PBXTargetDependency */ = {
			isa = PBXTargetDependency;
			target = AAA3182E275311F000648600 /* test3 */;
			targetProxy = AAA31846275311F200648600 /* PBXContainerItemProxy */;
		};
		AAA31851275311F200648600 /* PBXTargetDependency */ = {
			isa = PBXTargetDependency;
			target = AAA3182E275311F000648600 /* test3 */;
			targetProxy = AAA31850275311F200648600 /* PBXContainerItemProxy */;
		};
/* End PBXTargetDependency section */

/* Begin PBXVariantGroup section */
		AAA31838275311F000648600 /* Main.storyboard */ = {
			isa = PBXVariantGroup;
			children = (
				AAA31839275311F000648600 /* Base */,
			);
			name = Main.storyboard;
			sourceTree = "<group>";
		};
		AAA3183D275311F100648600 /* LaunchScreen.storyboard */ = {
			isa = PBXVariantGroup;
			children = (
				AAA3183E275311F100648600 /* Base */,
			);
			name = LaunchScreen.storyboard;
			sourceTree = "<group>";
		};
/* End PBXVariantGroup section */

/* Begin XCBuildConfiguration section */
		AAA31857275311F200648600 /* Debug */ = {
			isa = XCBuildConfiguration;
			buildSettings = {
				ALWAYS_SEARCH_USER_PATHS = NO;
				CLANG_ANALYZER_NONNULL = YES;
				CLANG_ANALYZER_NUMBER_OBJECT_CONVERSION = YES_AGGRESSIVE;
				CLANG_CXX_LANGUAGE_STANDARD = "gnu++17";
				CLANG_CXX_LIBRARY = "libc++";
				CLANG_ENABLE_MODULES = YES;
				CLANG_ENABLE_OBJC_ARC = YES;
				CLANG_ENABLE_OBJC_WEAK = YES;
				CLANG_WARN_BLOCK_CAPTURE_AUTORELEASING = YES;
				CLANG_WARN_BOOL_CONVERSION = YES;
				CLANG_WARN_COMMA = YES;
				CLANG_WARN_CONSTANT_CONVERSION = YES;
				CLANG_WARN_DEPRECATED_OBJC_IMPLEMENTATIONS = YES;
				CLANG_WARN_DIRECT_OBJC_ISA_USAGE = YES_ERROR;
				CLANG_WARN_DOCUMENTATION_COMMENTS = YES;
				CLANG_WARN_EMPTY_BODY = YES;
				CLANG_WARN_ENUM_CONVERSION = YES;
				CLANG_WARN_INFINITE_RECURSION = YES;
				CLANG_WARN_INT_CONVERSION = YES;
				CLANG_WARN_NON_LITERAL_NULL_CONVERSION = YES;
				CLANG_WARN_OBJC_IMPLICIT_RETAIN_SELF = YES;
				CLANG_WARN_OBJC_LITERAL_CONVERSION = YES;
				CLANG_WARN_OBJC_ROOT_CLASS = YES_ERROR;
				CLANG_WARN_QUOTED_INCLUDE_IN_FRAMEWORK_HEADER = YES;
				CLANG_WARN_RANGE_LOOP_ANALYSIS = YES;
				CLANG_WARN_STRICT_PROTOTYPES = YES;
				CLANG_WARN_SUSPICIOUS_MOVE = YES;
				CLANG_WARN_UNGUARDED_AVAILABILITY = YES_AGGRESSIVE;
				CLANG_WARN_UNREACHABLE_CODE = YES;
				CLANG_WARN__DUPLICATE_METHOD_MATCH = YES;
				COPY_PHASE_STRIP = NO;
				DEBUG_INFORMATION_FORMAT = dwarf;
				ENABLE_STRICT_OBJC_MSGSEND = YES;
				ENABLE_TESTABILITY = YES;
				GCC_C_LANGUAGE_STANDARD = gnu11;
				GCC_DYNAMIC_NO_PIC = NO;
				GCC_NO_COMMON_BLOCKS = YES;
				GCC_OPTIMIZATION_LEVEL = 0;
				GCC_PREPROCESSOR_DEFINITIONS = (
					"DEBUG=1",
					"$(inherited)",
				);
				GCC_WARN_64_TO_32_BIT_CONVERSION = YES;
				GCC_WARN_ABOUT_RETURN_TYPE = YES_ERROR;
				GCC_WARN_UNDECLARED_SELECTOR = YES;
				GCC_WARN_UNINITIALIZED_AUTOS = YES_AGGRESSIVE;
				GCC_WARN_UNUSED_FUNCTION = YES;
				GCC_WARN_UNUSED_VARIABLE = YES;
				IPHONEOS_DEPLOYMENT_TARGET = 15.0;
				MTL_ENABLE_DEBUG_INFO = INCLUDE_SOURCE;
				MTL_FAST_MATH = YES;
				ONLY_ACTIVE_ARCH = YES;
				SDKROOT = iphoneos;
				SWIFT_ACTIVE_COMPILATION_CONDITIONS = DEBUG;
				SWIFT_OPTIMIZATION_LEVEL = "-Onone";
			};
			name = Debug;
		};
		AAA31858275311F200648600 /* Release */ = {
			isa = XCBuildConfiguration;
			buildSettings = {
				ALWAYS_SEARCH_USER_PATHS = NO;
				CLANG_ANALYZER_NONNULL = YES;
				CLANG_ANALYZER_NUMBER_OBJECT_CONVERSION = YES_AGGRESSIVE;
				CLANG_CXX_LANGUAGE_STANDARD = "gnu++17";
				CLANG_CXX_LIBRARY = "libc++";
				CLANG_ENABLE_MODULES = YES;
				CLANG_ENABLE_OBJC_ARC = YES;
				CLANG_ENABLE_OBJC_WEAK = YES;
				CLANG_WARN_BLOCK_CAPTURE_AUTORELEASING = YES;
				CLANG_WARN_BOOL_CONVERSION = YES;
				CLANG_WARN_COMMA = YES;
				CLANG_WARN_CONSTANT_CONVERSION = YES;
				CLANG_WARN_DEPRECATED_OBJC_IMPLEMENTATIONS = YES;
				CLANG_WARN_DIRECT_OBJC_ISA_USAGE = YES_ERROR;
				CLANG_WARN_DOCUMENTATION_COMMENTS = YES;
				CLANG_WARN_EMPTY_BODY = YES;
				CLANG_WARN_ENUM_CONVERSION = YES;
				CLANG_WARN_INFINITE_RECURSION = YES;
				CLANG_WARN_INT_CONVERSION = YES;
				CLANG_WARN_NON_LITERAL_NULL_CONVERSION = YES;
				CLANG_WARN_OBJC_IMPLICIT_RETAIN_SELF = YES;
				CLANG_WARN_OBJC_LITERAL_CONVERSION = YES;
				CLANG_WARN_OBJC_ROOT_CLASS = YES_ERROR;
				CLANG_WARN_QUOTED_INCLUDE_IN_FRAMEWORK_HEADER = YES;
				CLANG_WARN_RANGE_LOOP_ANALYSIS = YES;
				CLANG_WARN_STRICT_PROTOTYPES = YES;
				CLANG_WARN_SUSPICIOUS_MOVE = YES;
				CLANG_WARN_UNGUARDED_AVAILABILITY = YES_AGGRESSIVE;
				CLANG_WARN_UNREACHABLE_CODE = YES;
				CLANG_WARN__DUPLICATE_METHOD_MATCH = YES;
				COPY_PHASE_STRIP = NO;
				DEBUG_INFORMATION_FORMAT = "dwarf-with-dsym";
				ENABLE_NS_ASSERTIONS = NO;
				ENABLE_STRICT_OBJC_MSGSEND = YES;
				GCC_C_LANGUAGE_STANDARD = gnu11;
				GCC_NO_COMMON_BLOCKS = YES;
				GCC_WARN_64_TO_32_BIT_CONVERSION = YES;
				GCC_WARN_ABOUT_RETURN_TYPE = YES_ERROR;
				GCC_WARN_UNDECLARED_SELECTOR = YES;
				GCC_WARN_UNINITIALIZED_AUTOS = YES_AGGRESSIVE;
				GCC_WARN_UNUSED_FUNCTION = YES;
				GCC_WARN_UNUSED_VARIABLE = YES;
				IPHONEOS_DEPLOYMENT_TARGET = 15.0;
				MTL_ENABLE_DEBUG_INFO = NO;
				MTL_FAST_MATH = YES;
				SDKROOT = iphoneos;
				SWIFT_COMPILATION_MODE = wholemodule;
				SWIFT_OPTIMIZATION_LEVEL = "-O";
				VALIDATE_PRODUCT = YES;
			};
			name = Release;
		};
		AAA3185A275311F200648600 /* Debug */ = {
			isa = XCBuildConfiguration;
			buildSettings = {
				ASSETCATALOG_COMPILER_APPICON_NAME = AppIcon;
				ASSETCATALOG_COMPILER_GLOBAL_ACCENT_COLOR_NAME = AccentColor;
				CODE_SIGN_STYLE = Automatic;
				CURRENT_PROJECT_VERSION = 1;
				DEVELOPMENT_TEAM = 249JH4W7M2;
				GENERATE_INFOPLIST_FILE = YES;
				INFOPLIST_FILE = test3/Info.plist;
				INFOPLIST_KEY_UIApplicationSupportsIndirectInputEvents = YES;
				INFOPLIST_KEY_UILaunchStoryboardName = LaunchScreen;
				INFOPLIST_KEY_UIMainStoryboardFile = Main;
				INFOPLIST_KEY_UISupportedInterfaceOrientations_iPad = "UIInterfaceOrientationPortrait UIInterfaceOrientationPortraitUpsideDown UIInterfaceOrientationLandscapeLeft UIInterfaceOrientationLandscapeRight";
				INFOPLIST_KEY_UISupportedInterfaceOrientations_iPhone = "UIInterfaceOrientationPortrait UIInterfaceOrientationLandscapeLeft UIInterfaceOrientationLandscapeRight";
				LD_RUNPATH_SEARCH_PATHS = (
					"$(inherited)",
					"@executable_path/Frameworks",
				);
				MARKETING_VERSION = 1.0;
				PRODUCT_BUNDLE_IDENTIFIER = syougibu.test3;
				PRODUCT_NAME = "$(TARGET_NAME)";
				SWIFT_EMIT_LOC_STRINGS = YES;
				SWIFT_VERSION = 5.0;
				TARGETED_DEVICE_FAMILY = "1,2";
			};
			name = Debug;
		};
		AAA3185B275311F200648600 /* Release */ = {
			isa = XCBuildConfiguration;
			buildSettings = {
				ASSETCATALOG_COMPILER_APPICON_NAME = AppIcon;
				ASSETCATALOG_COMPILER_GLOBAL_ACCENT_COLOR_NAME = AccentColor;
				CODE_SIGN_STYLE = Automatic;
				CURRENT_PROJECT_VERSION = 1;
				DEVELOPMENT_TEAM = 249JH4W7M2;
				GENERATE_INFOPLIST_FILE = YES;
				INFOPLIST_FILE = test3/Info.plist;
				INFOPLIST_KEY_UIApplicationSupportsIndirectInputEvents = YES;
				INFOPLIST_KEY_UILaunchStoryboardName = LaunchScreen;
				INFOPLIST_KEY_UIMainStoryboardFile = Main;
				INFOPLIST_KEY_UISupportedInterfaceOrientations_iPad = "UIInterfaceOrientationPortrait UIInterfaceOrientationPortraitUpsideDown UIInterfaceOrientationLandscapeLeft UIInterfaceOrientationLandscapeRight";
				INFOPLIST_KEY_UISupportedInterfaceOrientations_iPhone = "UIInterfaceOrientationPortrait UIInterfaceOrientationLandscapeLeft UIInterfaceOrientationLandscapeRight";
				LD_RUNPATH_SEARCH_PATHS = (
					"$(inherited)",
					"@executable_path/Frameworks",
				);
				MARKETING_VERSION = 1.0;
				PRODUCT_BUNDLE_IDENTIFIER = syougibu.test3;
				PRODUCT_NAME = "$(TARGET_NAME)";
				SWIFT_EMIT_LOC_STRINGS = YES;
				SWIFT_VERSION = 5.0;
				TARGETED_DEVICE_FAMILY = "1,2";
			};
			name = Release;
		};
		AAA3185D275311F200648600 /* Debug */ = {
			isa = XCBuildConfiguration;
			buildSettings = {
				ALWAYS_EMBED_SWIFT_STANDARD_LIBRARIES = YES;
				BUNDLE_LOADER = "$(TEST_HOST)";
				CODE_SIGN_STYLE = Automatic;
				CURRENT_PROJECT_VERSION = 1;
				DEVELOPMENT_TEAM = 249JH4W7M2;
				GENERATE_INFOPLIST_FILE = YES;
				IPHONEOS_DEPLOYMENT_TARGET = 15.0;
				LD_RUNPATH_SEARCH_PATHS = (
					"$(inherited)",
					"@executable_path/Frameworks",
					"@loader_path/Frameworks",
				);
				MARKETING_VERSION = 1.0;
				PRODUCT_BUNDLE_IDENTIFIER = syougibu.test3Tests;
				PRODUCT_NAME = "$(TARGET_NAME)";
				SWIFT_EMIT_LOC_STRINGS = NO;
				SWIFT_VERSION = 5.0;
				TARGETED_DEVICE_FAMILY = "1,2";
				TEST_HOST = "$(BUILT_PRODUCTS_DIR)/test3.app/test3";
			};
			name = Debug;
		};
		AAA3185E275311F200648600 /* Release */ = {
			isa = XCBuildConfiguration;
			buildSettings = {
				ALWAYS_EMBED_SWIFT_STANDARD_LIBRARIES = YES;
				BUNDLE_LOADER = "$(TEST_HOST)";
				CODE_SIGN_STYLE = Automatic;
				CURRENT_PROJECT_VERSION = 1;
				DEVELOPMENT_TEAM = 249JH4W7M2;
				GENERATE_INFOPLIST_FILE = YES;
				IPHONEOS_DEPLOYMENT_TARGET = 15.0;
				LD_RUNPATH_SEARCH_PATHS = (
					"$(inherited)",
					"@executable_path/Frameworks",
					"@loader_path/Frameworks",
				);
				MARKETING_VERSION = 1.0;
				PRODUCT_BUNDLE_IDENTIFIER = syougibu.test3Tests;
				PRODUCT_NAME = "$(TARGET_NAME)";
				SWIFT_EMIT_LOC_STRINGS = NO;
				SWIFT_VERSION = 5.0;
				TARGETED_DEVICE_FAMILY = "1,2";
				TEST_HOST = "$(BUILT_PRODUCTS_DIR)/test3.app/test3";
			};
			name = Release;
		};
		AAA31860275311F200648600 /* Debug */ = {
			isa = XCBuildConfiguration;
			buildSettings = {
				ALWAYS_EMBED_SWIFT_STANDARD_LIBRARIES = YES;
				CODE_SIGN_STYLE = Automatic;
				CURRENT_PROJECT_VERSION = 1;
				DEVELOPMENT_TEAM = 249JH4W7M2;
				GENERATE_INFOPLIST_FILE = YES;
				LD_RUNPATH_SEARCH_PATHS = (
					"$(inherited)",
					"@executable_path/Frameworks",
					"@loader_path/Frameworks",
				);
				MARKETING_VERSION = 1.0;
				PRODUCT_BUNDLE_IDENTIFIER = syougibu.test3UITests;
				PRODUCT_NAME = "$(TARGET_NAME)";
				SWIFT_EMIT_LOC_STRINGS = NO;
				SWIFT_VERSION = 5.0;
				TARGETED_DEVICE_FAMILY = "1,2";
				TEST_TARGET_NAME = test3;
			};
			name = Debug;
		};
		AAA31861275311F200648600 /* Release */ = {
			isa = XCBuildConfiguration;
			buildSettings = {
				ALWAYS_EMBED_SWIFT_STANDARD_LIBRARIES = YES;
				CODE_SIGN_STYLE = Automatic;
				CURRENT_PROJECT_VERSION = 1;
				DEVELOPMENT_TEAM = 249JH4W7M2;
				GENERATE_INFOPLIST_FILE = YES;
				LD_RUNPATH_SEARCH_PATHS = (
					"$(inherited)",
					"@executable_path/Frameworks",
					"@loader_path/Frameworks",
				);
				MARKETING_VERSION = 1.0;
				PRODUCT_BUNDLE_IDENTIFIER = syougibu.test3UITests;
				PRODUCT_NAME = "$(TARGET_NAME)";
				SWIFT_EMIT_LOC_STRINGS = NO;
				SWIFT_VERSION = 5.0;
				TARGETED_DEVICE_FAMILY = "1,2";
				TEST_TARGET_NAME = test3;
			};
			name = Release;
		};
/* End XCBuildConfiguration section */

/* Begin XCConfigurationList section */
		AAA3182A275311F000648600 /* Build configuration list for PBXProject "test3" */ = {
			isa = XCConfigurationList;
			buildConfigurations = (
				AAA31857275311F200648600 /* Debug */,
				AAA31858275311F200648600 /* Release */,
			);
			defaultConfigurationIsVisible = 0;
			defaultConfigurationName = Release;
		};
		AAA31859275311F200648600 /* Build configuration list for PBXNativeTarget "test3" */ = {
			isa = XCConfigurationList;
			buildConfigurations = (
				AAA3185A275311F200648600 /* Debug */,
				AAA3185B275311F200648600 /* Release */,
			);
			defaultConfigurationIsVisible = 0;
			defaultConfigurationName = Release;
		};
		AAA3185C275311F200648600 /* Build configuration list for PBXNativeTarget "test3Tests" */ = {
			isa = XCConfigurationList;
			buildConfigurations = (
				AAA3185D275311F200648600 /* Debug */,
				AAA3185E275311F200648600 /* Release */,
			);
			defaultConfigurationIsVisible = 0;
			defaultConfigurationName = Release;
		};
		AAA3185F275311F200648600 /* Build configuration list for PBXNativeTarget "test3UITests" */ = {
			isa = XCConfigurationList;
			buildConfigurations = (
				AAA31860275311F200648600 /* Debug */,
				AAA31861275311F200648600 /* Release */,
			);
			defaultConfigurationIsVisible = 0;
			defaultConfigurationName = Release;
		};
/* End XCConfigurationList section */
	};
	rootObject = AAA31827275311F000648600 /* Project object */;
}
